
Microsoft Visual Studio Solution File, Format Version 12.00
# Visual Studio Version 17
VisualStudioVersion = 17.3.32811.315
MinimumVisualStudioVersion = 10.0.40219.1
Project("{FAE04EC0-301F-11D3-BF4B-00C04F79EFBC}") = "FirstConsole", "FirstConsole\FirstConsole.csproj", "{2F2BBD7A-7FEF-40F3-9904-BDCC180FBC3D}"
EndProject
Global
	GlobalSection(SolutionConfigurationPlatforms) = preSolution
		Debug|Any CPU = Debug|Any CPU
		Release|Any CPU = Release|Any CPU
	EndGlobalSection
	GlobalSection(ProjectConfigurationPlatforms) = postSolution
		{2F2BBD7A-7FEF-40F3-9904-BDCC180FBC3D}.Debug|Any CPU.ActiveCfg = Debug|Any CPU
		{2F2BBD7A-7FEF-40F3-9904-BDCC180FBC3D}.Debug|Any CPU.Build.0 = Debug|Any CPU
		{2F2BBD7A-7FEF-40F3-9904-BDCC180FBC3D}.Release|Any CPU.ActiveCfg = Release|Any CPU
		{2F2BBD7A-7FEF-40F3-9904-BDCC180FBC3D}.Release|Any CPU.Build.0 = Release|Any CPU
	EndGlobalSection
	GlobalSection(SolutionProperties) = preSolution
		HideSolutionNode = FALSE
	EndGlobalSection
	GlobalSection(ExtensibilityGlobals) = postSolution
		SolutionGuid = {721F1EC1-6E0B-454B-8289-D7E473523485}
	EndGlobalSection
EndGlobal
